// !$*UTF8*$!
{
	archiveVersion = 1;
	classes = {
	};
	objectVersion = 50;
	objects = {

/* Begin PBXBuildFile section */
		1391421E7DAB81BEE3D70BE9 /* Pods_TodoList.framework in Frameworks */ = {isa = PBXBuildFile; fileRef = A93FD42A0F9596B4E9E786F9 /* Pods_TodoList.framework */; };
		5B15850B228F84DB0027445B /* CategoryViewController.swift in Sources */ = {isa = PBXBuildFile; fileRef = 5B15850A228F84DB0027445B /* CategoryViewController.swift */; };
		5B15850D229386600027445B /* Item.swift in Sources */ = {isa = PBXBuildFile; fileRef = 5B15850C229386600027445B /* Item.swift */; };
		5B15850F229386900027445B /* Category.swift in Sources */ = {isa = PBXBuildFile; fileRef = 5B15850E229386900027445B /* Category.swift */; };
		5B1DCA8722878DDD0026A57E /* AppDelegate.swift in Sources */ = {isa = PBXBuildFile; fileRef = 5B1DCA8622878DDD0026A57E /* AppDelegate.swift */; };
		5B1DCA8922878DDD0026A57E /* TodoListViewController.swift in Sources */ = {isa = PBXBuildFile; fileRef = 5B1DCA8822878DDD0026A57E /* TodoListViewController.swift */; };
		5B1DCA8C22878DDD0026A57E /* Main.storyboard in Resources */ = {isa = PBXBuildFile; fileRef = 5B1DCA8A22878DDD0026A57E /* Main.storyboard */; };
		5B1DCA8E22878E840026A57E /* Assets.xcassets in Resources */ = {isa = PBXBuildFile; fileRef = 5B1DCA8D22878E840026A57E /* Assets.xcassets */; };
		5B1DCA9122878E840026A57E /* LaunchScreen.storyboard in Resources */ = {isa = PBXBuildFile; fileRef = 5B1DCA8F22878E840026A57E /* LaunchScreen.storyboard */; };
/* End PBXBuildFile section */

/* Begin PBXFileReference section */
		5B15850A228F84DB0027445B /* CategoryViewController.swift */ = {isa = PBXFileReference; lastKnownFileType = sourcecode.swift; path = CategoryViewController.swift; sourceTree = "<group>"; };
		5B15850C229386600027445B /* Item.swift */ = {isa = PBXFileReference; lastKnownFileType = sourcecode.swift; path = Item.swift; sourceTree = "<group>"; };
		5B15850E229386900027445B /* Category.swift */ = {isa = PBXFileReference; lastKnownFileType = sourcecode.swift; path = Category.swift; sourceTree = "<group>"; };
		5B1DCA8322878DD40026A57E /* TodoList.app */ = {isa = PBXFileReference; explicitFileType = wrapper.application; includeInIndex = 0; path = TodoList.app; sourceTree = BUILT_PRODUCTS_DIR; };
		5B1DCA8622878DDD0026A57E /* AppDelegate.swift */ = {isa = PBXFileReference; lastKnownFileType = sourcecode.swift; path = AppDelegate.swift; sourceTree = "<group>"; };
		5B1DCA8822878DDD0026A57E /* TodoListViewController.swift */ = {isa = PBXFileReference; lastKnownFileType = sourcecode.swift; path = TodoListViewController.swift; sourceTree = "<group>"; };
		5B1DCA8B22878DDD0026A57E /* Base */ = {isa = PBXFileReference; lastKnownFileType = file.storyboard; name = Base; path = Base.lproj/Main.storyboard; sourceTree = "<group>"; };
		5B1DCA8D22878E840026A57E /* Assets.xcassets */ = {isa = PBXFileReference; lastKnownFileType = folder.assetcatalog; path = Assets.xcassets; sourceTree = "<group>"; };
		5B1DCA9022878E840026A57E /* Base */ = {isa = PBXFileReference; lastKnownFileType = file.storyboard; name = Base; path = Base.lproj/LaunchScreen.storyboard; sourceTree = "<group>"; };
		5B1DCA9222878E840026A57E /* Info.plist */ = {isa = PBXFileReference; lastKnownFileType = text.plist.xml; path = Info.plist; sourceTree = "<group>"; };
		6B27826A3FC209FE5DA0987F /* Pods-TodoList.debug.xcconfig */ = {isa = PBXFileReference; includeInIndex = 1; lastKnownFileType = text.xcconfig; name = "Pods-TodoList.debug.xcconfig"; path = "Target Support Files/Pods-TodoList/Pods-TodoList.debug.xcconfig"; sourceTree = "<group>"; };
		A93FD42A0F9596B4E9E786F9 /* Pods_TodoList.framework */ = {isa = PBXFileReference; explicitFileType = wrapper.framework; includeInIndex = 0; path = Pods_TodoList.framework; sourceTree = BUILT_PRODUCTS_DIR; };
		B7D6F69ED1402E6C8E334E76 /* Pods-TodoList.release.xcconfig */ = {isa = PBXFileReference; includeInIndex = 1; lastKnownFileType = text.xcconfig; name = "Pods-TodoList.release.xcconfig"; path = "Target Support Files/Pods-TodoList/Pods-TodoList.release.xcconfig"; sourceTree = "<group>"; };
/* End PBXFileReference section */

/* Begin PBXFrameworksBuildPhase section */
		5B1DCA8022878DD40026A57E /* Frameworks */ = {
			isa = PBXFrameworksBuildPhase;
			buildActionMask = 2147483647;
			files = (
				1391421E7DAB81BEE3D70BE9 /* Pods_TodoList.framework in Frameworks */,
			);
			runOnlyForDeploymentPostprocessing = 0;
		};
/* End PBXFrameworksBuildPhase section */

/* Begin PBXGroup section */
		420FD5CC1E38840B91FE8FF8 /* Frameworks */ = {
			isa = PBXGroup;
			children = (
				A93FD42A0F9596B4E9E786F9 /* Pods_TodoList.framework */,
			);
			name = Frameworks;
			sourceTree = "<group>";
		};
		5B1584E1228A37FC0027445B /* DataModel */ = {
			isa = PBXGroup;
			children = (
				5B15850C229386600027445B /* Item.swift */,
				5B15850E229386900027445B /* Category.swift */,
			);
			path = DataModel;
			sourceTree = "<group>";
		};
		5B1584E2228A381F0027445B /* Controller */ = {
			isa = PBXGroup;
			children = (
				5B15850A228F84DB0027445B /* CategoryViewController.swift */,
				5B1DCA8822878DDD0026A57E /* TodoListViewController.swift */,
			);
			path = Controller;
			sourceTree = "<group>";
		};
		5B1584E3228A38330027445B /* Views */ = {
			isa = PBXGroup;
			children = (
				5B1DCA8A22878DDD0026A57E /* Main.storyboard */,
			);
			path = Views;
			sourceTree = "<group>";
		};
		5B1584E4228A38C80027445B /* Supporting Files */ = {
			isa = PBXGroup;
			children = (
				5B1DCA8D22878E840026A57E /* Assets.xcassets */,
				5B1DCA8F22878E840026A57E /* LaunchScreen.storyboard */,
			);
			path = "Supporting Files";
			sourceTree = "<group>";
		};
		5B1DCA7A22878DD30026A57E = {
			isa = PBXGroup;
			children = (
				5B1DCA8522878DDB0026A57E /* TodoList */,
				5B1DCA8422878DD40026A57E /* Products */,
				9DF82E522D84F70126951B85 /* Pods */,
				420FD5CC1E38840B91FE8FF8 /* Frameworks */,
			);
			sourceTree = "<group>";
		};
		5B1DCA8422878DD40026A57E /* Products */ = {
			isa = PBXGroup;
			children = (
				5B1DCA8322878DD40026A57E /* TodoList.app */,
			);
			name = Products;
			sourceTree = "<group>";
		};
		5B1DCA8522878DDB0026A57E /* TodoList */ = {
			isa = PBXGroup;
			children = (
				5B1584E3228A38330027445B /* Views */,
				5B1584E2228A381F0027445B /* Controller */,
				5B1584E1228A37FC0027445B /* DataModel */,
				5B1DCA8622878DDD0026A57E /* AppDelegate.swift */,
				5B1584E4228A38C80027445B /* Supporting Files */,
				5B1DCA9222878E840026A57E /* Info.plist */,
			);
			path = TodoList;
			sourceTree = "<group>";
		};
		9DF82E522D84F70126951B85 /* Pods */ = {
			isa = PBXGroup;
			children = (
				6B27826A3FC209FE5DA0987F /* Pods-TodoList.debug.xcconfig */,
				B7D6F69ED1402E6C8E334E76 /* Pods-TodoList.release.xcconfig */,
			);
			path = Pods;
			sourceTree = "<group>";
		};
/* End PBXGroup section */

/* Begin PBXNativeTarget section */
		5B1DCA8222878DD40026A57E /* TodoList */ = {
			isa = PBXNativeTarget;
			buildConfigurationList = 5B1DCA9522878E840026A57E /* Build configuration list for PBXNativeTarget "TodoList" */;
			buildPhases = (
				5173BD0E1012BC0070FA8391 /* [CP] Check Pods Manifest.lock */,
				5B1DCA7F22878DD40026A57E /* Sources */,
				5B1DCA8022878DD40026A57E /* Frameworks */,
				5B1DCA8122878DD40026A57E /* Resources */,
				93658B1847E18CE76A8EBE5A /* [CP] Embed Pods Frameworks */,
			);
			buildRules = (
			);
			dependencies = (
			);
			name = TodoList;
			productName = TodoList;
			productReference = 5B1DCA8322878DD40026A57E /* TodoList.app */;
			productType = "com.apple.product-type.application";
		};
/* End PBXNativeTarget section */

/* Begin PBXProject section */
		5B1DCA7B22878DD30026A57E /* Project object */ = {
			isa = PBXProject;
			attributes = {
				LastSwiftUpdateCheck = 1020;
				LastUpgradeCheck = 1020;
				ORGANIZATIONNAME = "Nyman Sikazwe";
				TargetAttributes = {
					5B1DCA8222878DD40026A57E = {
						CreatedOnToolsVersion = 10.2.1;
					};
				};
			};
			buildConfigurationList = 5B1DCA7E22878DD30026A57E /* Build configuration list for PBXProject "TodoList" */;
			compatibilityVersion = "Xcode 9.3";
			developmentRegion = en;
			hasScannedForEncodings = 0;
			knownRegions = (
				en,
				Base,
			);
			mainGroup = 5B1DCA7A22878DD30026A57E;
			productRefGroup = 5B1DCA8422878DD40026A57E /* Products */;
			projectDirPath = "";
			projectRoot = "";
			targets = (
				5B1DCA8222878DD40026A57E /* TodoList */,
			);
		};
/* End PBXProject section */

/* Begin PBXResourcesBuildPhase section */
		5B1DCA8122878DD40026A57E /* Resources */ = {
			isa = PBXResourcesBuildPhase;
			buildActionMask = 2147483647;
			files = (
				5B1DCA9122878E840026A57E /* LaunchScreen.storyboard in Resources */,
				5B1DCA8E22878E840026A57E /* Assets.xcassets in Resources */,
				5B1DCA8C22878DDD0026A57E /* Main.storyboard in Resources */,
			);
			runOnlyForDeploymentPostprocessing = 0;
		};
/* End PBXResourcesBuildPhase section */

/* Begin PBXShellScriptBuildPhase section */
		5173BD0E1012BC0070FA8391 /* [CP] Check Pods Manifest.lock */ = {
			isa = PBXShellScriptBuildPhase;
			buildActionMask = 2147483647;
			files = (
			);
			inputFileListPaths = (
			);
			inputPaths = (
				"${PODS_PODFILE_DIR_PATH}/Podfile.lock",
				"${PODS_ROOT}/Manifest.lock",
			);
			name = "[CP] Check Pods Manifest.lock";
			outputFileListPaths = (
			);
			outputPaths = (
				"$(DERIVED_FILE_DIR)/Pods-TodoList-checkManifestLockResult.txt",
			);
			runOnlyForDeploymentPostprocessing = 0;
			shellPath = /bin/sh;
			shellScript = "diff \"${PODS_PODFILE_DIR_PATH}/Podfile.lock\" \"${PODS_ROOT}/Manifest.lock\" > /dev/null\nif [ $? != 0 ] ; then\n    # print error to STDERR\n    echo \"error: The sandbox is not in sync with the Podfile.lock. Run 'pod install' or update your CocoaPods installation.\" >&2\n    exit 1\nfi\n# This output is used by Xcode 'outputs' to avoid re-running this script phase.\necho \"SUCCESS\" > \"${SCRIPT_OUTPUT_FILE_0}\"\n";
			showEnvVarsInLog = 0;
		};
		93658B1847E18CE76A8EBE5A /* [CP] Embed Pods Frameworks */ = {
			isa = PBXShellScriptBuildPhase;
			buildActionMask = 2147483647;
			files = (
			);
			inputFileListPaths = (
			);
			inputPaths = (
				"${PODS_ROOT}/Target Support Files/Pods-TodoList/Pods-TodoList-frameworks.sh",
				"${BUILT_PRODUCTS_DIR}/Realm/Realm.framework",
				"${BUILT_PRODUCTS_DIR}/RealmSwift/RealmSwift.framework",
			);
			name = "[CP] Embed Pods Frameworks";
			outputFileListPaths = (
			);
			outputPaths = (
				"${TARGET_BUILD_DIR}/${FRAMEWORKS_FOLDER_PATH}/Realm.framework",
				"${TARGET_BUILD_DIR}/${FRAMEWORKS_FOLDER_PATH}/RealmSwift.framework",
			);
			runOnlyForDeploymentPostprocessing = 0;
			shellPath = /bin/sh;
			shellScript = "\"${PODS_ROOT}/Target Support Files/Pods-TodoList/Pods-TodoList-frameworks.sh\"\n";
			showEnvVarsInLog = 0;
		};
/* End PBXShellScriptBuildPhase section */

/* Begin PBXSourcesBuildPhase section */
		5B1DCA7F22878DD40026A57E /* Sources */ = {
			isa = PBXSourcesBuildPhase;
			buildActionMask = 2147483647;
			files = (
				5B15850D229386600027445B /* Item.swift in Sources */,
				5B15850B228F84DB0027445B /* CategoryViewController.swift in Sources */,
				5B1DCA8922878DDD0026A57E /* TodoListViewController.swift in Sources */,
				5B1DCA8722878DDD0026A57E /* AppDelegate.swift in Sources */,
				5B15850F229386900027445B /* Category.swift in Sources */,
			);
			runOnlyForDeploymentPostprocessing = 0;
		};
/* End PBXSourcesBuildPhase section */

/* Begin PBXVariantGroup section */
		5B1DCA8A22878DDD0026A57E /* Main.storyboard */ = {
			isa = PBXVariantGroup;
			children = (
				5B1DCA8B22878DDD0026A57E /* Base */,
			);
			name = Main.storyboard;
			sourceTree = "<group>";
		};
		5B1DCA8F22878E840026A57E /* LaunchScreen.storyboard */ = {
			isa = PBXVariantGroup;
			children = (
				5B1DCA9022878E840026A57E /* Base */,
			);
			name = LaunchScreen.storyboard;
			sourceTree = "<group>";
		};
/* End PBXVariantGroup section */

/* Begin XCBuildConfiguration section */
		5B1DCA9322878E840026A57E /* Debug */ = {
			isa = XCBuildConfiguration;
			buildSettings = {
				ALWAYS_SEARCH_USER_PATHS = NO;
				CLANG_ANALYZER_NONNULL = YES;
				CLANG_ANALYZER_NUMBER_OBJECT_CONVERSION = YES_AGGRESSIVE;
				CLANG_CXX_LANGUAGE_STANDARD = "gnu++14";
				CLANG_CXX_LIBRARY = "libc++";
				CLANG_ENABLE_MODULES = YES;
				CLANG_ENABLE_OBJC_ARC = YES;
				CLANG_ENABLE_OBJC_WEAK = YES;
				CLANG_WARN_BLOCK_CAPTURE_AUTORELEASING = YES;
				CLANG_WARN_BOOL_CONVERSION = YES;
				CLANG_WARN_COMMA = YES;
				CLANG_WARN_CONSTANT_CONVERSION = YES;
				CLANG_WARN_DEPRECATED_OBJC_IMPLEMENTATIONS = YES;
				CLANG_WARN_DIRECT_OBJC_ISA_USAGE = YES_ERROR;
				CLANG_WARN_DOCUMENTATION_COMMENTS = YES;
				CLANG_WARN_EMPTY_BODY = YES;
				CLANG_WARN_ENUM_CONVERSION = YES;
				CLANG_WARN_INFINITE_RECURSION = YES;
				CLANG_WARN_INT_CONVERSION = YES;
				CLANG_WARN_NON_LITERAL_NULL_CONVERSION = YES;
				CLANG_WARN_OBJC_IMPLICIT_RETAIN_SELF = YES;
				CLANG_WARN_OBJC_LITERAL_CONVERSION = YES;
				CLANG_WARN_OBJC_ROOT_CLASS = YES_ERROR;
				CLANG_WARN_RANGE_LOOP_ANALYSIS = YES;
				CLANG_WARN_STRICT_PROTOTYPES = YES;
				CLANG_WARN_SUSPICIOUS_MOVE = YES;
				CLANG_WARN_UNGUARDED_AVAILABILITY = YES_AGGRESSIVE;
				CLANG_WARN_UNREACHABLE_CODE = YES;
				CLANG_WARN__DUPLICATE_METHOD_MATCH = YES;
				CODE_SIGN_IDENTITY = "iPhone Developer";
				COPY_PHASE_STRIP = NO;
				DEBUG_INFORMATION_FORMAT = dwarf;
				ENABLE_STRICT_OBJC_MSGSEND = YES;
				ENABLE_TESTABILITY = YES;
				GCC_C_LANGUAGE_STANDARD = gnu11;
				GCC_DYNAMIC_NO_PIC = NO;
				GCC_NO_COMMON_BLOCKS = YES;
				GCC_OPTIMIZATION_LEVEL = 0;
				GCC_PREPROCESSOR_DEFINITIONS = (
					"DEBUG=1",
					"$(inherited)",
				);
				GCC_WARN_64_TO_32_BIT_CONVERSION = YES;
				GCC_WARN_ABOUT_RETURN_TYPE = YES_ERROR;
				GCC_WARN_UNDECLARED_SELECTOR = YES;
				GCC_WARN_UNINITIALIZED_AUTOS = YES_AGGRESSIVE;
				GCC_WARN_UNUSED_FUNCTION = YES;
				GCC_WARN_UNUSED_VARIABLE = YES;
				IPHONEOS_DEPLOYMENT_TARGET = 12.2;
				MTL_ENABLE_DEBUG_INFO = INCLUDE_SOURCE;
				MTL_FAST_MATH = YES;
				ONLY_ACTIVE_ARCH = YES;
				SDKROOT = iphoneos;
				SWIFT_ACTIVE_COMPILATION_CONDITIONS = DEBUG;
				SWIFT_OPTIMIZATION_LEVEL = "-Onone";
			};
			name = Debug;
		};
		5B1DCA9422878E840026A57E /* Release */ = {
			isa = XCBuildConfiguration;
			buildSettings = {
				ALWAYS_SEARCH_USER_PATHS = NO;
				CLANG_ANALYZER_NONNULL = YES;
				CLANG_ANALYZER_NUMBER_OBJECT_CONVERSION = YES_AGGRESSIVE;
				CLANG_CXX_LANGUAGE_STANDARD = "gnu++14";
				CLANG_CXX_LIBRARY = "libc++";
				CLANG_ENABLE_MODULES = YES;
				CLANG_ENABLE_OBJC_ARC = YES;
				CLANG_ENABLE_OBJC_WEAK = YES;
				CLANG_WARN_BLOCK_CAPTURE_AUTORELEASING = YES;
				CLANG_WARN_BOOL_CONVERSION = YES;
				CLANG_WARN_COMMA = YES;
				CLANG_WARN_CONSTANT_CONVERSION = YES;
				CLANG_WARN_DEPRECATED_OBJC_IMPLEMENTATIONS = YES;
				CLANG_WARN_DIRECT_OBJC_ISA_USAGE = YES_ERROR;
				CLANG_WARN_DOCUMENTATION_COMMENTS = YES;
				CLANG_WARN_EMPTY_BODY = YES;
				CLANG_WARN_ENUM_CONVERSION = YES;
				CLANG_WARN_INFINITE_RECURSION = YES;
				CLANG_WARN_INT_CONVERSION = YES;
				CLANG_WARN_NON_LITERAL_NULL_CONVERSION = YES;
				CLANG_WARN_OBJC_IMPLICIT_RETAIN_SELF = YES;
				CLANG_WARN_OBJC_LITERAL_CONVERSION = YES;
				CLANG_WARN_OBJC_ROOT_CLASS = YES_ERROR;
				CLANG_WARN_RANGE_LOOP_ANALYSIS = YES;
				CLANG_WARN_STRICT_PROTOTYPES = YES;
				CLANG_WARN_SUSPICIOUS_MOVE = YES;
				CLANG_WARN_UNGUARDED_AVAILABILITY = YES_AGGRESSIVE;
				CLANG_WARN_UNREACHABLE_CODE = YES;
				CLANG_WARN__DUPLICATE_METHOD_MATCH = YES;
				CODE_SIGN_IDENTITY = "iPhone Developer";
				COPY_PHASE_STRIP = NO;
				DEBUG_INFORMATION_FORMAT = "dwarf-with-dsym";
				ENABLE_NS_ASSERTIONS = NO;
				ENABLE_STRICT_OBJC_MSGSEND = YES;
				GCC_C_LANGUAGE_STANDARD = gnu11;
				GCC_NO_COMMON_BLOCKS = YES;
				GCC_WARN_64_TO_32_BIT_CONVERSION = YES;
				GCC_WARN_ABOUT_RETURN_TYPE = YES_ERROR;
				GCC_WARN_UNDECLARED_SELECTOR = YES;
				GCC_WARN_UNINITIALIZED_AUTOS = YES_AGGRESSIVE;
				GCC_WARN_UNUSED_FUNCTION = YES;
				GCC_WARN_UNUSED_VARIABLE = YES;
				IPHONEOS_DEPLOYMENT_TARGET = 12.2;
				MTL_ENABLE_DEBUG_INFO = NO;
				MTL_FAST_MATH = YES;
				SDKROOT = iphoneos;
				SWIFT_COMPILATION_MODE = wholemodule;
				SWIFT_OPTIMIZATION_LEVEL = "-O";
				VALIDATE_PRODUCT = YES;
			};
			name = Release;
		};
		5B1DCA9622878E840026A57E /* Debug */ = {
			isa = XCBuildConfiguration;
			baseConfigurationReference = 6B27826A3FC209FE5DA0987F /* Pods-TodoList.debug.xcconfig */;
			buildSettings = {
				ASSETCATALOG_COMPILER_APPICON_NAME = AppIcon;
				CODE_SIGN_STYLE = Automatic;
				DEVELOPMENT_TEAM = 3NZ5T29QX5;
				INFOPLIST_FILE = TodoList/Info.plist;
				LD_RUNPATH_SEARCH_PATHS = (
					"$(inherited)",
					"@executable_path/Frameworks",
				);
				PRODUCT_BUNDLE_IDENTIFIER = ga.sikalabs.TodoList;
				PRODUCT_NAME = "$(TARGET_NAME)";
				SWIFT_VERSION = 5.0;
				TARGETED_DEVICE_FAMILY = "1,2";
			};
			name = Debug;
		};
		5B1DCA9722878E840026A57E /* Release */ = {
			isa = XCBuildConfiguration;
			baseConfigurationReference = B7D6F69ED1402E6C8E334E76 /* Pods-TodoList.release.xcconfig */;
			buildSettings = {
				ASSETCATALOG_COMPILER_APPICON_NAME = AppIcon;
				CODE_SIGN_STYLE = Automatic;
				DEVELOPMENT_TEAM = 3NZ5T29QX5;
				INFOPLIST_FILE = TodoList/Info.plist;
				LD_RUNPATH_SEARCH_PATHS = (
					"$(inherited)",
					"@executable_path/Frameworks",
				);
				PRODUCT_BUNDLE_IDENTIFIER = ga.sikalabs.TodoList;
				PRODUCT_NAME = "$(TARGET_NAME)";
				SWIFT_VERSION = 5.0;
				TARGETED_DEVICE_FAMILY = "1,2";
			};
			name = Release;
		};
/* End XCBuildConfiguration section */

/* Begin XCConfigurationList section */
		5B1DCA7E22878DD30026A57E /* Build configuration list for PBXProject "TodoList" */ = {
			isa = XCConfigurationList;
			buildConfigurations = (
				5B1DCA9322878E840026A57E /* Debug */,
				5B1DCA9422878E840026A57E /* Release */,
			);
			defaultConfigurationIsVisible = 0;
			defaultConfigurationName = Release;
		};
		5B1DCA9522878E840026A57E /* Build configuration list for PBXNativeTarget "TodoList" */ = {
			isa = XCConfigurationList;
			buildConfigurations = (
				5B1DCA9622878E840026A57E /* Debug */,
				5B1DCA9722878E840026A57E /* Release */,
			);
			defaultConfigurationIsVisible = 0;
			defaultConfigurationName = Release;
		};
/* End XCConfigurationList section */
	};
	rootObject = 5B1DCA7B22878DD30026A57E /* Project object */;
}
